
Microsoft Visual Studio Solution File, Format Version 12.00
# Visual Studio 14
VisualStudioVersion = 14.0.23107.0
MinimumVisualStudioVersion = 10.0.40219.1
Project("{FAE04EC0-301F-11D3-BF4B-00C04F79EFBC}") = "CaptureScreen", "CaptureScreen\CaptureScreen.csproj", "{4DC41D8C-F2F3-42AC-82B2-771583F23A2E}"
EndProject
Project("{FAE04EC0-301F-11D3-BF4B-00C04F79EFBC}") = "IDocEditor", "IDocEditor\IDocEditor.csproj", "{ABFC3553-683B-4B0C-ABB7-ACB795712F33}"
EndProject
Project("{FAE04EC0-301F-11D3-BF4B-00C04F79EFBC}") = "HTMLDocEditor", "HTMLDocEditor\HTMLDocEditor.csproj", "{6101A8E2-4676-40E2-9571-1A834B315EEF}"
EndProject
Project("{FAE04EC0-301F-11D3-BF4B-00C04F79EFBC}") = "JSonLib", "JSonBuilder\JSonLib.csproj", "{D4F0FE7F-A4B7-42D3-B452-5396D51A5410}"
EndProject
Global
	GlobalSection(SolutionConfigurationPlatforms) = preSolution
		Debug|Any CPU = Debug|Any CPU
		Release|Any CPU = Release|Any CPU
	EndGlobalSection
	GlobalSection(ProjectConfigurationPlatforms) = postSolution
		{4DC41D8C-F2F3-42AC-82B2-771583F23A2E}.Debug|Any CPU.ActiveCfg = Debug|Any CPU
		{4DC41D8C-F2F3-42AC-82B2-771583F23A2E}.Debug|Any CPU.Build.0 = Debug|Any CPU
		{4DC41D8C-F2F3-42AC-82B2-771583F23A2E}.Release|Any CPU.ActiveCfg = Release|Any CPU
		{4DC41D8C-F2F3-42AC-82B2-771583F23A2E}.Release|Any CPU.Build.0 = Release|Any CPU
		{ABFC3553-683B-4B0C-ABB7-ACB795712F33}.Debug|Any CPU.ActiveCfg = Debug|Any CPU
		{ABFC3553-683B-4B0C-ABB7-ACB795712F33}.Debug|Any CPU.Build.0 = Debug|Any CPU
		{ABFC3553-683B-4B0C-ABB7-ACB795712F33}.Release|Any CPU.ActiveCfg = Release|Any CPU
		{ABFC3553-683B-4B0C-ABB7-ACB795712F33}.Release|Any CPU.Build.0 = Release|Any CPU
		{6101A8E2-4676-40E2-9571-1A834B315EEF}.Debug|Any CPU.ActiveCfg = Debug|Any CPU
		{6101A8E2-4676-40E2-9571-1A834B315EEF}.Debug|Any CPU.Build.0 = Debug|Any CPU
		{6101A8E2-4676-40E2-9571-1A834B315EEF}.Release|Any CPU.ActiveCfg = Release|Any CPU
		{6101A8E2-4676-40E2-9571-1A834B315EEF}.Release|Any CPU.Build.0 = Release|Any CPU
		{D4F0FE7F-A4B7-42D3-B452-5396D51A5410}.Debug|Any CPU.ActiveCfg = Debug|Any CPU
		{D4F0FE7F-A4B7-42D3-B452-5396D51A5410}.Debug|Any CPU.Build.0 = Debug|Any CPU
		{D4F0FE7F-A4B7-42D3-B452-5396D51A5410}.Release|Any CPU.ActiveCfg = Release|Any CPU
		{D4F0FE7F-A4B7-42D3-B452-5396D51A5410}.Release|Any CPU.Build.0 = Release|Any CPU
	EndGlobalSection
	GlobalSection(SolutionProperties) = preSolution
		HideSolutionNode = FALSE
	EndGlobalSection
EndGlobal
